{
  "name": "un-init-project",
  "version": "0.1.2",
  "lockfileVersion": 3,
  "requires": true,
  "packages": {
    "": {
      "name": "un-init-project",
      "version": "0.1.2",
      "license": "ISC",
      "workspaces": [
        "packages/*"
      ],
      "dependencies": {
        "chalk": "^5.3.0",
        "csv-parse": "^5.6.0",
        "ncp": "^2.0.0",
        "pdf-lib": "^1.17.1"
      },
      "bin": {
        "un-audit-project": "bin/audit-project.js",
        "un-create-datawrapper-chart": "bin/create-datawrapper-chart.js",
        "un-init-project": "bin/init-project.js",
        "un-upload-documents": "bin/upload-documents.js"
      }
    },
    "node_modules/@pdf-lib/standard-fonts": {
      "version": "1.0.0",
      "resolved": "https://registry.npmjs.org/@pdf-lib/standard-fonts/-/standard-fonts-1.0.0.tgz",
      "integrity": "sha512-hU30BK9IUN/su0Mn9VdlVKsWBS6GyhVfqjwl1FjZN4TxP6cCw0jP2w7V3Hf5uX7M0AZJ16vey9yE0ny7Sa59ZA==",
      "license": "MIT",
      "dependencies": {
        "pako": "^1.0.6"
      }
    },
    "node_modules/@pdf-lib/upng": {
      "version": "1.0.1",
      "resolved": "https://registry.npmjs.org/@pdf-lib/upng/-/upng-1.0.1.tgz",
      "integrity": "sha512-dQK2FUMQtowVP00mtIksrlZhdFXQZPC+taih1q4CvPZ5vqdxR/LKBaFg0oAfzd1GlHZXXSPdQfzQnt+ViGvEIQ==",
      "license": "MIT",
      "dependencies": {
        "pako": "^1.0.10"
      }
    },
    "node_modules/@unctad-infovis/general-tools": {
      "resolved": "packages/general-tools",
      "link": true
    },
    "node_modules/@unctad-infovis/map-tools": {
      "resolved": "packages/map-tools",
      "link": true
    },
    "node_modules/@unctad-infovis/minisite-tools": {
      "resolved": "packages/minisite-tools",
      "link": true
    },
    "node_modules/@unctad-infovis/unctad-flags": {
      "resolved": "packages/unctad-flags",
      "link": true
    },
    "node_modules/@unctad-infovis/unctad-icons": {
      "resolved": "packages/unctad-icons",
      "link": true
    },
    "node_modules/chalk": {
      "version": "5.6.2",
      "resolved": "https://registry.npmjs.org/chalk/-/chalk-5.6.2.tgz",
      "integrity": "sha512-7NzBL0rN6fMUW+f7A6Io4h40qQlG+xGmtMxfbnH/K7TAtt8JQWVQK+6g0UXKMeVJoyV5EkkNsErQ8pVD3bLHbA==",
      "license": "MIT",
      "engines": {
        "node": "^12.17.0 || ^14.13 || >=16.0.0"
      },
      "funding": {
        "url": "https://github.com/chalk/chalk?sponsor=1"
      }
    },
    "node_modules/csv-parse": {
      "version": "5.6.0",
      "resolved": "https://registry.npmjs.org/csv-parse/-/csv-parse-5.6.0.tgz",
      "integrity": "sha512-l3nz3euub2QMg5ouu5U09Ew9Wf6/wQ8I++ch1loQ0ljmzhmfZYrH9fflS22i/PQEvsPvxCwxgz5q7UB8K1JO4Q==",
      "license": "MIT"
    },
    "node_modules/highcharts": {
      "version": "12.6.0",
      "resolved": "https://registry.npmjs.org/highcharts/-/highcharts-12.6.0.tgz",
      "integrity": "sha512-zWwoXECOakJT2huBMqIZOjDNLLgyZFCcfZqTj2g6cvYOGxjF3nvooC+rIaF5aKiharluyGKNflfRNrzOAIjdRg==",
      "license": "https://www.highcharts.com/license",
      "peer": true,
      "peerDependencies": {
        "jspdf": "^4.1.0",
        "svg2pdf.js": "^2.7.0"
      },
      "peerDependenciesMeta": {
        "jspdf": {
          "optional": true
        },
        "svg2pdf.js": {
          "optional": true
        }
      }
    },
    "node_modules/ncp": {
      "version": "2.0.0",
      "resolved": "https://registry.npmjs.org/ncp/-/ncp-2.0.0.tgz",
      "integrity": "sha512-zIdGUrPRFTUELUvr3Gmc7KZ2Sw/h1PiVM0Af/oHB6zgnV1ikqSfRk+TOufi79aHYCW3NiOXmr1BP5nWbzojLaA==",
      "license": "MIT",
      "bin": {
        "ncp": "bin/ncp"
      }
    },
    "node_modules/pako": {
      "version": "1.0.11",
      "resolved": "https://registry.npmjs.org/pako/-/pako-1.0.11.tgz",
      "integrity": "sha512-4hLB8Py4zZce5s4yd9XzopqwVv/yGNhV1Bl8NTmCq1763HeK2+EwVTv+leGeL13Dnh2wfbqowVPXCIO0z4taYw==",
      "license": "(MIT AND Zlib)"
    },
    "node_modules/pdf-lib": {
      "version": "1.17.1",
      "resolved": "https://registry.npmjs.org/pdf-lib/-/pdf-lib-1.17.1.tgz",
      "integrity": "sha512-V/mpyJAoTsN4cnP31vc0wfNA1+p20evqqnap0KLoRUN0Yk/p3wN52DOEsL4oBFcLdb76hlpKPtzJIgo67j/XLw==",
      "license": "MIT",
      "dependencies": {
        "@pdf-lib/standard-fonts": "^1.0.0",
        "@pdf-lib/upng": "^1.0.1",
        "pako": "^1.0.11",
        "tslib": "^1.11.1"
      }
    },
    "node_modules/react": {
      "version": "19.2.7",
      "resolved": "https://registry.npmjs.org/react/-/react-19.2.7.tgz",
      "integrity": "sha512-HNe9WslTbXmFK8o8cmwgAeJFSBvt1bPdHCVKtaaV+WlAN36mpT4hcRpwbf3fY56ar2oIXzsBpOAiIRHAdY0OlQ==",
      "license": "MIT",
      "peer": true,
      "engines": {
        "node": ">=0.10.0"
      }
    },
    "node_modules/react-dom": {
      "version": "19.2.7",
      "resolved": "https://registry.npmjs.org/react-dom/-/react-dom-19.2.7.tgz",
      "integrity": "sha512-t0BRVXvbiE/o20Hfw669rLbMCDWtYZLvmJigy2f0MxsXF+71pxhR3xOkspmsO8h3ZlNzyibAmtCa3l4lYKk6gQ==",
      "license": "MIT",
      "peer": true,
      "dependencies": {
        "scheduler": "^0.27.0"
      },
      "peerDependencies": {
        "react": "^19.2.7"
      }
    },
    "node_modules/scheduler": {
      "version": "0.27.0",
      "resolved": "https://registry.npmjs.org/scheduler/-/scheduler-0.27.0.tgz",
      "integrity": "sha512-eNv+WrVbKu1f3vbYJT/xtiF5syA5HPIMtf9IgY/nKg0sWqzAUEvqY/xm7OcZc/qafLx/iO9FgOmeSAp4v5ti/Q==",
      "license": "MIT",
      "peer": true
    },
    "node_modules/tslib": {
      "version": "1.14.1",
      "resolved": "https://registry.npmjs.org/tslib/-/tslib-1.14.1.tgz",
      "integrity": "sha512-Xni35NKzjgMrwevysHTCArtLDpPvye8zV/0E4EyYn43P7/7qvQwPh9BGkHewbMulVntbigmcT7rdX3BNo9wRJg==",
      "license": "0BSD"
    },
    "packages/general-tools": {
      "name": "@unctad-infovis/general-tools",
      "version": "1.7.2",
      "license": "ISC",
      "dependencies": {
        "@unctad-infovis/unctad-flags": "^1.0.1",
        "@unctad-infovis/unctad-icons": "^1.0.1"
      },
      "peerDependencies": {
        "react": "^19.2.5",
        "react-dom": "^19.2.5"
      }
    },
    "packages/map-tools": {
      "name": "@unctad-infovis/map-tools",
      "version": "1.2.2",
      "license": "ISC",
      "peerDependencies": {
        "highcharts": "^12.6.0 || ^13.0.0"
      }
    },
    "packages/minisite-tools": {
      "name": "@unctad-infovis/minisite-tools",
      "version": "1.1.0",
      "license": "ISC",
      "dependencies": {
        "@unctad-infovis/general-tools": "^1.5.0"
      },
      "peerDependencies": {
        "react": "^19.2.5",
        "react-dom": "^19.2.5"
      }
    },
    "packages/unctad-flags": {
      "name": "@unctad-infovis/unctad-flags",
      "version": "1.0.2",
      "license": "ISC"
    },
    "packages/unctad-icons": {
      "name": "@unctad-infovis/unctad-icons",
      "version": "1.0.2",
      "license": "ISC"
    }
  }
}
