{
  "name": "un-init-project",
  "version": "0.1.2",
  "lockfileVersion": 3,
  "requires": true,
  "packages": {
    "": {
      "name": "un-init-project",
      "version": "0.1.2",
      "license": "ISC",
      "workspaces": [
        "packages/*"
      ],
      "dependencies": {
        "chalk": "^5.3.0",
        "csv-parse": "^5.6.0",
        "ncp": "^2.0.0",
        "pdf-lib": "^1.17.1"
      },
      "bin": {
        "un-audit-project": "bin/audit-project.js",
        "un-compress-pdf": "bin/compress-pdf.js",
        "un-create-datawrapper-chart": "bin/create-datawrapper-chart.js",
        "un-init-project": "bin/init-project.js",
        "un-upload-documents": "bin/upload-documents.js"
      }
    },
    "node_modules/@pdf-lib/standard-fonts": {
      "version": "1.0.0",
      "license": "MIT",
      "dependencies": {
        "pako": "^1.0.6"
      }
    },
    "node_modules/@pdf-lib/upng": {
      "version": "1.0.1",
      "license": "MIT",
      "dependencies": {
        "pako": "^1.0.10"
      }
    },
    "node_modules/@unctad-infovis/general-tools": {
      "resolved": "packages/general-tools",
      "link": true
    },
    "node_modules/@unctad-infovis/map-tools": {
      "resolved": "packages/map-tools",
      "link": true
    },
    "node_modules/@unctad-infovis/minisite-tools": {
      "resolved": "packages/minisite-tools",
      "link": true
    },
    "node_modules/@unctad-infovis/unctad-flags": {
      "resolved": "packages/unctad-flags",
      "link": true
    },
    "node_modules/@unctad-infovis/unctad-icons": {
      "resolved": "packages/unctad-icons",
      "link": true
    },
    "node_modules/chalk": {
      "version": "5.6.2",
      "license": "MIT",
      "engines": {
        "node": "^12.17.0 || ^14.13 || >=16.0.0"
      },
      "funding": {
        "url": "https://github.com/chalk/chalk?sponsor=1"
      }
    },
    "node_modules/csv-parse": {
      "version": "5.6.0",
      "license": "MIT"
    },
    "node_modules/highcharts": {
      "version": "13.1.1",
      "resolved": "https://registry.npmjs.org/highcharts/-/highcharts-13.1.1.tgz",
      "integrity": "sha512-k/smhxCgaqHDsuy9ZCWs8FJNTPrbzc8BmMA4M/8f9JMwv9HgmNZjulyWwZ9q9ly6AzHpskL9mhlW8vgsSqnstg==",
      "license": "https://www.highcharts.com/license",
      "peer": true,
      "peerDependencies": {
        "jspdf": "^4.1.0",
        "svg2pdf.js": "^2.7.0"
      },
      "peerDependenciesMeta": {
        "jspdf": {
          "optional": true
        },
        "svg2pdf.js": {
          "optional": true
        }
      }
    },
    "node_modules/ncp": {
      "version": "2.0.0",
      "license": "MIT",
      "bin": {
        "ncp": "bin/ncp"
      }
    },
    "node_modules/pako": {
      "version": "1.0.11",
      "license": "(MIT AND Zlib)"
    },
    "node_modules/pdf-lib": {
      "version": "1.17.1",
      "license": "MIT",
      "dependencies": {
        "@pdf-lib/standard-fonts": "^1.0.0",
        "@pdf-lib/upng": "^1.0.1",
        "pako": "^1.0.11",
        "tslib": "^1.11.1"
      }
    },
    "node_modules/react": {
      "version": "19.3.0",
      "license": "MIT",
      "peer": true,
      "engines": {
        "node": ">=0.10.0"
      }
    },
    "node_modules/react-dom": {
      "version": "19.3.0",
      "license": "MIT",
      "peer": true,
      "dependencies": {
        "scheduler": "^0.28.0"
      },
      "peerDependencies": {
        "react": "^19.3.0"
      }
    },
    "node_modules/scheduler": {
      "version": "0.28.0",
      "license": "MIT",
      "peer": true
    },
    "node_modules/tslib": {
      "version": "1.14.1",
      "license": "0BSD"
    },
    "packages/general-tools": {
      "name": "@unctad-infovis/general-tools",
      "version": "1.7.3",
      "license": "ISC",
      "dependencies": {
        "@unctad-infovis/unctad-flags": "^1.0.1",
        "@unctad-infovis/unctad-icons": "^1.0.1"
      },
      "peerDependencies": {
        "react": "^19.2.5",
        "react-dom": "^19.2.5"
      }
    },
    "packages/map-tools": {
      "name": "@unctad-infovis/map-tools",
      "version": "1.2.2",
      "license": "ISC",
      "peerDependencies": {
        "highcharts": "^12.6.1 || ^13.1.0"
      }
    },
    "packages/minisite-tools": {
      "name": "@unctad-infovis/minisite-tools",
      "version": "1.1.0",
      "license": "ISC",
      "dependencies": {
        "@unctad-infovis/general-tools": "^1.5.0"
      },
      "peerDependencies": {
        "react": "^19.2.5",
        "react-dom": "^19.2.5"
      }
    },
    "packages/unctad-flags": {
      "name": "@unctad-infovis/unctad-flags",
      "version": "1.0.3",
      "license": "ISC"
    },
    "packages/unctad-icons": {
      "name": "@unctad-infovis/unctad-icons",
      "version": "1.0.2",
      "license": "ISC"
    }
  }
}
